# THIS IS AN AUTOGENERATED FILE. DO NOT EDIT THIS FILE DIRECTLY.
# yarn lockfile v1


"@babel/parser@^7.16.4":
  version "7.17.3"
  resolved "https://registry.npmmirror.com/@babel/parser/-/parser-7.17.3.tgz#b07702b982990bf6fdc1da5049a23fece4c5c3d0"
  integrity sha512-7yJPvPV+ESz2IUTPbOL+YkIGyCqOyNIzdguKQuJGnH7bg1WTIifuM21YqokFt/THWh1AkCRn9IgoykTRCBVpzA==

"@popperjs/core@^2.9.2":
  version "2.11.2"
  resolved "https://registry.npmmirror.com/@popperjs/core/-/core-2.11.2.tgz#830beaec4b4091a9e9398ac50f865ddea52186b9"
  integrity sha512-92FRmppjjqz29VMJ2dn+xdyXZBrMlE42AV6Kq6BwjWV7CNUW1hs2FtxSNLQE+gJhaZ6AAmYuO9y8dshhcBl7vA==

"@rollup/pluginutils@^4.1.0":
  version "4.2.0"
  resolved "https://registry.npmmirror.com/@rollup/pluginutils/-/pluginutils-4.2.0.tgz#a14bbd058fdbba0a5647143b16ed0d86fb60bd08"
  integrity sha512-2WUyJNRkyH5p487pGnn4tWAsxhEFKN/pT8CMgHshd5H+IXkOnKvKZwsz5ZWz+YCXkleZRAU5kwbfgF8CPfDRqA==
  dependencies:
    estree-walker "^2.0.1"
    picomatch "^2.2.2"

"@vant/icons@^1.7.1":
  version "1.7.3"
  resolved "https://registry.npmmirror.com/@vant/icons/-/icons-1.7.3.tgz#e51b46065cfde445617401ebe309a33b62a29725"
  integrity sha512-tW4EqzxN4kXw1rnlnQJQHofEifPbt/gECOWiibomht8QLyvoGuE4iUmDFS288dJ07ZjuTy0bhdABj0SENo2fmQ==

"@vant/popperjs@^1.1.0":
  version "1.1.0"
  resolved "https://registry.npmmirror.com/@vant/popperjs/-/popperjs-1.1.0.tgz#b4edee5bbfa6fb18705986e313d4fd5f17942a0f"
  integrity sha512-8MD1gz146awV/uPxYjz4pet22f7a9YVKqk7T+gFkWFwT9mEcrIUEg/xPrdOnWKLP9puXyYtm7oVfSDSefZ/p/w==
  dependencies:
    "@popperjs/core" "^2.9.2"

"@vant/use@^1.3.5":
  version "1.3.5"
  resolved "https://registry.npmmirror.com/@vant/use/-/use-1.3.5.tgz#fd2817850e76e3098e29d4c8d864e19207c03ab1"
  integrity sha512-S4rfMQT+71quUbSY9sF7vJTEADVWqHxn8zUbpEl4vzI2CCJx67ri/ZHV911LpXIaZVgSSGPLE5xLV8javmbU0Q==

"@vitejs/plugin-vue@^1.2.2":
  version "1.10.2"
  resolved "https://registry.npmmirror.com/@vitejs/plugin-vue/-/plugin-vue-1.10.2.tgz#d718479e2789d8a94b63e00f23f1898ba239253a"
  integrity sha512-/QJ0Z9qfhAFtKRY+r57ziY4BSbGUTGsPRMpB/Ron3QPwBZM4OZAZHdTa4a8PafCwU5DTatXG8TMDoP8z+oDqJw==

"@vue/compiler-core@3.2.31":
  version "3.2.31"
  resolved "https://registry.npmmirror.com/@vue/compiler-core/-/compiler-core-3.2.31.tgz#d38f06c2cf845742403b523ab4596a3fda152e89"
  integrity sha512-aKno00qoA4o+V/kR6i/pE+aP+esng5siNAVQ422TkBNM6qA4veXiZbSe8OTXHXquEi/f6Akc+nLfB4JGfe4/WQ==
  dependencies:
    "@babel/parser" "^7.16.4"
    "@vue/shared" "3.2.31"
    estree-walker "^2.0.2"
    source-map "^0.6.1"

"@vue/compiler-dom@3.2.31":
  version "3.2.31"
  resolved "https://registry.npmmirror.com/@vue/compiler-dom/-/compiler-dom-3.2.31.tgz#b1b7dfad55c96c8cc2b919cd7eb5fd7e4ddbf00e"
  integrity sha512-60zIlFfzIDf3u91cqfqy9KhCKIJgPeqxgveH2L+87RcGU/alT6BRrk5JtUso0OibH3O7NXuNOQ0cDc9beT0wrg==
  dependencies:
    "@vue/compiler-core" "3.2.31"
    "@vue/shared" "3.2.31"

"@vue/compiler-sfc@3.2.31", "@vue/compiler-sfc@^3.0.11":
  version "3.2.31"
  resolved "https://registry.npmmirror.com/@vue/compiler-sfc/-/compiler-sfc-3.2.31.tgz#d02b29c3fe34d599a52c5ae1c6937b4d69f11c2f"
  integrity sha512-748adc9msSPGzXgibHiO6T7RWgfnDcVQD+VVwYgSsyyY8Ans64tALHZANrKtOzvkwznV/F4H7OAod/jIlp/dkQ==
  dependencies:
    "@babel/parser" "^7.16.4"
    "@vue/compiler-core" "3.2.31"
    "@vue/compiler-dom" "3.2.31"
    "@vue/compiler-ssr" "3.2.31"
    "@vue/reactivity-transform" "3.2.31"
    "@vue/shared" "3.2.31"
    estree-walker "^2.0.2"
    magic-string "^0.25.7"
    postcss "^8.1.10"
    source-map "^0.6.1"

"@vue/compiler-ssr@3.2.31":
  version "3.2.31"
  resolved "https://registry.npmmirror.com/@vue/compiler-ssr/-/compiler-ssr-3.2.31.tgz#4fa00f486c9c4580b40a4177871ebbd650ecb99c"
  integrity sha512-mjN0rqig+A8TVDnsGPYJM5dpbjlXeHUm2oZHZwGyMYiGT/F4fhJf/cXy8QpjnLQK4Y9Et4GWzHn9PS8AHUnSkw==
  dependencies:
    "@vue/compiler-dom" "3.2.31"
    "@vue/shared" "3.2.31"

"@vue/devtools-api@^6.0.0":
  version "6.0.12"
  resolved "https://registry.npmmirror.com/@vue/devtools-api/-/devtools-api-6.0.12.tgz#7b57cce215ae9f37a86984633b3aa3d595aa5b46"
  integrity sha512-iO/4FIezHKXhiDBdKySCvJVh8/mZPxHpiQrTy+PXVqJZgpTPTdHy4q8GXulaY+UKEagdkBb0onxNQZ0LNiqVhw==

"@vue/reactivity-transform@3.2.31":
  version "3.2.31"
  resolved "https://registry.npmmirror.com/@vue/reactivity-transform/-/reactivity-transform-3.2.31.tgz#0f5b25c24e70edab2b613d5305c465b50fc00911"
  integrity sha512-uS4l4z/W7wXdI+Va5pgVxBJ345wyGFKvpPYtdSgvfJfX/x2Ymm6ophQlXXB6acqGHtXuBqNyyO3zVp9b1r0MOA==
  dependencies:
    "@babel/parser" "^7.16.4"
    "@vue/compiler-core" "3.2.31"
    "@vue/shared" "3.2.31"
    estree-walker "^2.0.2"
    magic-string "^0.25.7"

"@vue/reactivity@3.2.31":
  version "3.2.31"
  resolved "https://registry.npmmirror.com/@vue/reactivity/-/reactivity-3.2.31.tgz#fc90aa2cdf695418b79e534783aca90d63a46bbd"
  integrity sha512-HVr0l211gbhpEKYr2hYe7hRsV91uIVGFYNHj73njbARVGHQvIojkImKMaZNDdoDZOIkMsBc9a1sMqR+WZwfSCw==
  dependencies:
    "@vue/shared" "3.2.31"

"@vue/runtime-core@3.2.31":
  version "3.2.31"
  resolved "https://registry.npmmirror.com/@vue/runtime-core/-/runtime-core-3.2.31.tgz#9d284c382f5f981b7a7b5971052a1dc4ef39ac7a"
  integrity sha512-Kcog5XmSY7VHFEMuk4+Gap8gUssYMZ2+w+cmGI6OpZWYOEIcbE0TPzzPHi+8XTzAgx1w/ZxDFcXhZeXN5eKWsA==
  dependencies:
    "@vue/reactivity" "3.2.31"
    "@vue/shared" "3.2.31"

"@vue/runtime-dom@3.2.31":
  version "3.2.31"
  resolved "https://registry.npmmirror.com/@vue/runtime-dom/-/runtime-dom-3.2.31.tgz#79ce01817cb3caf2c9d923f669b738d2d7953eff"
  integrity sha512-N+o0sICVLScUjfLG7u9u5XCjvmsexAiPt17GNnaWHJUfsKed5e85/A3SWgKxzlxx2SW/Hw7RQxzxbXez9PtY3g==
  dependencies:
    "@vue/runtime-core" "3.2.31"
    "@vue/shared" "3.2.31"
    csstype "^2.6.8"

"@vue/server-renderer@3.2.31":
  version "3.2.31"
  resolved "https://registry.npmmirror.com/@vue/server-renderer/-/server-renderer-3.2.31.tgz#201e9d6ce735847d5989403af81ef80960da7141"
  integrity sha512-8CN3Zj2HyR2LQQBHZ61HexF5NReqngLT3oahyiVRfSSvak+oAvVmu8iNLSu6XR77Ili2AOpnAt1y8ywjjqtmkg==
  dependencies:
    "@vue/compiler-ssr" "3.2.31"
    "@vue/shared" "3.2.31"

"@vue/shared@3.2.31":
  version "3.2.31"
  resolved "https://registry.npmmirror.com/@vue/shared/-/shared-3.2.31.tgz#c90de7126d833dcd3a4c7534d534be2fb41faa4e"
  integrity sha512-ymN2pj6zEjiKJZbrf98UM2pfDd6F2H7ksKw7NDt/ZZ1fh5Ei39X5tABugtT03ZRlWd9imccoK0hE8hpjpU7irQ==

axios@^0.24.0:
  version "0.24.0"
  resolved "https://registry.npmmirror.com/axios/-/axios-0.24.0.tgz#804e6fa1e4b9c5288501dd9dff56a7a0940d20d6"
  integrity sha512-Q6cWsys88HoPgAaFAVUb0WpPk0O8iTeisR9IMqy9G8AbO4NlpVknrnQS03zzF9PGAWgO3cgletO3VjV/P7VztA==
  dependencies:
    follow-redirects "^1.14.4"

camel-case@^4.1.2:
  version "4.1.2"
  resolved "https://registry.npmmirror.com/camel-case/-/camel-case-4.1.2.tgz#9728072a954f805228225a6deea6b38461e1bd5a"
  integrity sha512-gxGWBrTT1JuMx6R+o5PTXMmUnhnVzLQ9SNutD4YqKtI6ap897t3tKECYla6gCWEkplXnlNybEkZg9GEGxKFCgw==
  dependencies:
    pascal-case "^3.1.2"
    tslib "^2.0.3"

capital-case@^1.0.4:
  version "1.0.4"
  resolved "https://registry.npmmirror.com/capital-case/-/capital-case-1.0.4.tgz#9d130292353c9249f6b00fa5852bee38a717e669"
  integrity sha512-ds37W8CytHgwnhGGTi88pcPyR15qoNkOpYwmMMfnWqqWgESapLqvDx6huFjQ5vqWSn2Z06173XNA7LtMOeUh1A==
  dependencies:
    no-case "^3.0.4"
    tslib "^2.0.3"
    upper-case-first "^2.0.2"

change-case@^4.1.2:
  version "4.1.2"
  resolved "https://registry.npmmirror.com/change-case/-/change-case-4.1.2.tgz#fedfc5f136045e2398c0410ee441f95704641e12"
  integrity sha512-bSxY2ws9OtviILG1EiY5K7NNxkqg/JnRnFxLtKQ96JaviiIxi7djMrSd0ECT9AC+lttClmYwKw53BWpOMblo7A==
  dependencies:
    camel-case "^4.1.2"
    capital-case "^1.0.4"
    constant-case "^3.0.4"
    dot-case "^3.0.4"
    header-case "^2.0.4"
    no-case "^3.0.4"
    param-case "^3.0.4"
    pascal-case "^3.1.2"
    path-case "^3.0.4"
    sentence-case "^3.0.4"
    snake-case "^3.0.4"
    tslib "^2.0.3"

constant-case@^3.0.4:
  version "3.0.4"
  resolved "https://registry.npmmirror.com/constant-case/-/constant-case-3.0.4.tgz#3b84a9aeaf4cf31ec45e6bf5de91bdfb0589faf1"
  integrity sha512-I2hSBi7Vvs7BEuJDr5dDHfzb/Ruj3FyvFyh7KLilAjNQw3Be+xgqUBA2W6scVEcL0hL1dwPRtIqEPVUCKkSsyQ==
  dependencies:
    no-case "^3.0.4"
    tslib "^2.0.3"
    upper-case "^2.0.2"

copy-anything@^2.0.1:
  version "2.0.6"
  resolved "https://registry.npmmirror.com/copy-anything/-/copy-anything-2.0.6.tgz#092454ea9584a7b7ad5573062b2a87f5900fc480"
  integrity sha512-1j20GZTsvKNkc4BY3NpMOM8tt///wY3FpIzozTOFO2ffuZcV61nojHXVKIy3WM+7ADCy5FVhdZYHYDdgTU0yJw==
  dependencies:
    is-what "^3.14.1"

csstype@^2.6.8:
  version "2.6.20"
  resolved "https://registry.npmmirror.com/csstype/-/csstype-2.6.20.tgz#9229c65ea0b260cf4d3d997cb06288e36a8d6dda"
  integrity sha512-/WwNkdXfckNgw6S5R125rrW8ez139lBHWouiBvX8dfMFtcn6V81REDqnH7+CRpRipfYlyU1CmOnOxrmGcFOjeA==

debug@^3.2.6:
  version "3.2.7"
  resolved "https://registry.npmmirror.com/debug/-/debug-3.2.7.tgz#72580b7e9145fb39b6676f9c5e5fb100b934179a"
  integrity sha512-CFjzYYAi4ThfiQvizrFQevTTXHtnCqWfe7x1AhgEscTz6ZbLbfoLRLPugTQyBth6f8ZERVUSyWHFD/7Wu4t1XQ==
  dependencies:
    ms "^2.1.1"

debug@^4.3.2:
  version "4.3.3"
  resolved "https://registry.npmmirror.com/debug/-/debug-4.3.3.tgz#04266e0b70a98d4462e6e288e38259213332b664"
  integrity sha512-/zxw5+vh1Tfv+4Qn7a5nsbcJKPaSvCDhojn6FEl9vupwK2VCSDtEiEtqr8DFtzYFOdz63LBkxec7DYuc2jon6Q==
  dependencies:
    ms "2.1.2"

dot-case@^3.0.4:
  version "3.0.4"
  resolved "https://registry.npmmirror.com/dot-case/-/dot-case-3.0.4.tgz#9b2b670d00a431667a8a75ba29cd1b98809ce751"
  integrity sha512-Kv5nKlh6yRrdrGvxeJ2e5y2eRUpkUosIW4A2AS38zwSz27zu7ufDwQPi5Jhs3XAlGNetl3bmnGhQsMtkKJnj3w==
  dependencies:
    no-case "^3.0.4"
    tslib "^2.0.3"

errno@^0.1.1:
  version "0.1.8"
  resolved "https://registry.npmmirror.com/errno/-/errno-0.1.8.tgz#8bb3e9c7d463be4976ff888f76b4809ebc2e811f"
  integrity sha512-dJ6oBr5SQ1VSd9qkk7ByRgb/1SH4JZjCHSW/mr63/QcXO9zLVxvJ6Oy13nio03rxpSnVDDjFor75SjVeZWPW/A==
  dependencies:
    prr "~1.0.1"

es-module-lexer@^0.4.1:
  version "0.4.1"
  resolved "https://registry.npmmirror.com/es-module-lexer/-/es-module-lexer-0.4.1.tgz#dda8c6a14d8f340a24e34331e0fab0cb50438e0e"
  integrity sha512-ooYciCUtfw6/d2w56UVeqHPcoCFAiJdz5XOkYpv/Txl1HMUozpXjz/2RIQgqwKdXNDPSF1W7mJCFse3G+HDyAA==

esbuild-android-64@0.14.25:
  version "0.14.25"
  resolved "https://registry.npmmirror.com/esbuild-android-64/-/esbuild-android-64-0.14.25.tgz#d532d38cb5fe0ae45167ce35f4bbc784c636be40"
  integrity sha512-L5vCUk7TzFbBnoESNoXjU3x9+/+7TDIE/1mTfy/erAfvZAqC+S3sp/Qa9wkypFMcFvN9FzvESkTlpeQDolREtQ==

esbuild-android-arm64@0.14.25:
  version "0.14.25"
  resolved "https://registry.npmmirror.com/esbuild-android-arm64/-/esbuild-android-arm64-0.14.25.tgz#9c5bb3366aabfd14a1c726d36978b79441dfcb6e"
  integrity sha512-4jv5xPjM/qNm27T5j3ZEck0PvjgQtoMHnz4FzwF5zNP56PvY2CT0WStcAIl6jNlsuDdN63rk2HRBIsO6xFbcFw==

esbuild-darwin-64@0.14.25:
  version "0.14.25"
  resolved "https://registry.npmmirror.com/esbuild-darwin-64/-/esbuild-darwin-64-0.14.25.tgz#05dcdb6d884f427039ffee5e92ff97527e56c26d"
  integrity sha512-TGp8tuudIxOyWd1+8aYPxQmC1ZQyvij/AfNBa35RubixD0zJ1vkKHVAzo0Zao1zcG6pNqiSyzfPto8vmg0s7oA==

esbuild-darwin-arm64@0.14.25:
  version "0.14.25"
  resolved "https://registry.npmmirror.com/esbuild-darwin-arm64/-/esbuild-darwin-arm64-0.14.25.tgz#28e080da4ea0cfe9498071e7f8060498caee1a95"
  integrity sha512-oTcDgdm0MDVEmw2DWu8BV68pYuImpFgvWREPErBZmNA4MYKGuBRaCiJqq6jZmBR1x+3y1DWCjez+5uLtuAm6mw==

esbuild-freebsd-64@0.14.25:
  version "0.14.25"
  resolved "https://registry.npmmirror.com/esbuild-freebsd-64/-/esbuild-freebsd-64-0.14.25.tgz#200d3664a3b945bc9fdcba73614b49a11ebd1cfa"
  integrity sha512-ueAqbnMZ8arnuLH8tHwTCQYeptnHOUV7vA6px6j4zjjQwDx7TdP7kACPf3TLZLdJQ3CAD1XCvQ2sPhX+8tacvQ==

esbuild-freebsd-arm64@0.14.25:
  version "0.14.25"
  resolved "https://registry.npmmirror.com/esbuild-freebsd-arm64/-/esbuild-freebsd-arm64-0.14.25.tgz#624b08c5da6013bdc312aaa23c4ff409580f5c3c"
  integrity sha512-+ZVWud2HKh+Ob6k/qiJWjBtUg4KmJGGmbvEXXW1SNKS7hW7HU+Zq2ZCcE1akFxOPkVB+EhOty/sSek30tkCYug==

esbuild-linux-32@0.14.25:
  version "0.14.25"
  resolved "https://registry.npmmirror.com/esbuild-linux-32/-/esbuild-linux-32-0.14.25.tgz#0238e597eb0b60aa06c7e98fccbbfd6bb9a0d6c5"
  integrity sha512-3OP/lwV3kCzEz45tobH9nj+uE4ubhGsfx+tn0L26WAGtUbmmcRpqy7XRG/qK7h1mClZ+eguIANcQntYMdYklfw==

esbuild-linux-64@0.14.25:
  version "0.14.25"
  resolved "https://registry.npmmirror.com/esbuild-linux-64/-/esbuild-linux-64-0.14.25.tgz#8a8b8cf47dfce127c858e71229d9a385a82c62e8"
  integrity sha512-+aKHdHZmX9qwVlQmu5xYXh7GsBFf4TWrePgeJTalhXHOG7NNuUwoHmketGiZEoNsWyyqwH9rE5BC+iwcLY30Ug==

esbuild-linux-arm64@0.14.25:
  version "0.14.25"
  resolved "https://registry.npmmirror.com/esbuild-linux-arm64/-/esbuild-linux-arm64-0.14.25.tgz#7ac94371418a2640ba413bc1700aaedeb2794e52"
  integrity sha512-UxfenPx/wSZx55gScCImPtXekvZQLI2GW3qe5dtlmU7luiqhp5GWPzGeQEbD3yN3xg/pHc671m5bma5Ns7lBHw==

esbuild-linux-arm@0.14.25:
  version "0.14.25"
  resolved "https://registry.npmmirror.com/esbuild-linux-arm/-/esbuild-linux-arm-0.14.25.tgz#034bd18e9310b9f010c89f90ef7f05706689600b"
  integrity sha512-aTLcE2VBoLydL943REcAcgnDi3bHtmULSXWLbjtBdtykRatJVSxKMjK9YlBXUZC4/YcNQfH7AxwVeQr9fNxPhw==

esbuild-linux-mips64le@0.14.25:
  version "0.14.25"
  resolved "https://registry.npmmirror.com/esbuild-linux-mips64le/-/esbuild-linux-mips64le-0.14.25.tgz#05f98a8cf6b578eab6b4e6b0ab094f37530934f4"
  integrity sha512-wLWYyqVfYx9Ur6eU5RT92yJVsaBGi5RdkoWqRHOqcJ38Kn60QMlcghsKeWfe9jcYut8LangYZ98xO1LxIoSXrQ==

esbuild-linux-ppc64le@0.14.25:
  version "0.14.25"
  resolved "https://registry.npmmirror.com/esbuild-linux-ppc64le/-/esbuild-linux-ppc64le-0.14.25.tgz#46fd0add8d8535678439d7a9c2876ad20042d952"
  integrity sha512-0dR6Csl6Zas3g4p9ULckEl8Mo8IInJh33VCJ3eaV1hj9+MHGdmDOakYMN8MZP9/5nl+NU/0ygpd14cWgy8uqRw==

esbuild-linux-riscv64@0.14.25:
  version "0.14.25"
  resolved "https://registry.npmmirror.com/esbuild-linux-riscv64/-/esbuild-linux-riscv64-0.14.25.tgz#ea2e986f0f3e5df73c635135dd778051734fc605"
  integrity sha512-J4d20HDmTrgvhR0bdkDhvvJGaikH3LzXQnNaseo8rcw9Yqby9A90gKUmWpfwqLVNRILvNnAmKLfBjCKU9ajg8w==

esbuild-linux-s390x@0.14.25:
  version "0.14.25"
  resolved "https://registry.npmmirror.com/esbuild-linux-s390x/-/esbuild-linux-s390x-0.14.25.tgz#efe89486e9a1b1508925048076e3f3a6698aa6a3"
  integrity sha512-YI2d5V6nTE73ZnhEKQD7MtsPs1EtUZJ3obS21oxQxGbbRw1G+PtJKjNyur+3t6nzHP9oTg6GHQ3S3hOLLmbDIQ==

esbuild-netbsd-64@0.14.25:
  version "0.14.25"
  resolved "https://registry.npmmirror.com/esbuild-netbsd-64/-/esbuild-netbsd-64-0.14.25.tgz#439fe27d8ee3b5887501ee63988e85f920107db6"
  integrity sha512-TKIVgNWLUOkr+Exrye70XTEE1lJjdQXdM4tAXRzfHE9iBA7LXWcNtVIuSnphTqpanPzTDFarF0yqq4kpbC6miA==

esbuild-openbsd-64@0.14.25:
  version "0.14.25"
  resolved "https://registry.npmmirror.com/esbuild-openbsd-64/-/esbuild-openbsd-64-0.14.25.tgz#31ebf616aadf6e60674469f2b92cec92280d9930"
  integrity sha512-QgFJ37A15D7NIXBTYEqz29+uw3nNBOIyog+3kFidANn6kjw0GHZ0lEYQn+cwjyzu94WobR+fes7cTl/ZYlHb1A==

esbuild-sunos-64@0.14.25:
  version "0.14.25"
  resolved "https://registry.npmmirror.com/esbuild-sunos-64/-/esbuild-sunos-64-0.14.25.tgz#815e4f936d74970292a63ccfd5791fe5e3569f5f"
  integrity sha512-rmWfjUItYIVlqr5EnTH1+GCxXiBOC42WBZ3w++qh7n2cS9Xo0lO5pGSG2N+huOU2fX5L+6YUuJ78/vOYvefeFw==

esbuild-windows-32@0.14.25:
  version "0.14.25"
  resolved "https://registry.npmmirror.com/esbuild-windows-32/-/esbuild-windows-32-0.14.25.tgz#189e14df2478f2c193c86968ab1fb54e1ceaafd2"
  integrity sha512-HGAxVUofl3iUIz9W10Y9XKtD0bNsK9fBXv1D55N/ljNvkrAYcGB8YCm0v7DjlwtyS6ws3dkdQyXadbxkbzaKOA==

esbuild-windows-64@0.14.25:
  version "0.14.25"
  resolved "https://registry.npmmirror.com/esbuild-windows-64/-/esbuild-windows-64-0.14.25.tgz#3d5fbfdc3856850bb47439299e3b60dd18be111f"
  integrity sha512-TirEohRkfWU9hXLgoDxzhMQD1g8I2mOqvdQF2RS9E/wbkORTAqJHyh7wqGRCQAwNzdNXdg3JAyhQ9/177AadWA==

esbuild-windows-arm64@0.14.25:
  version "0.14.25"
  resolved "https://registry.npmmirror.com/esbuild-windows-arm64/-/esbuild-windows-arm64-0.14.25.tgz#8b243cbbad8a86cf98697da9ccb88c05df2ef458"
  integrity sha512-4ype9ERiI45rSh+R8qUoBtaj6kJvUOI7oVLhKqPEpcF4Pa5PpT3hm/mXAyotJHREkHpM87PAJcA442mLnbtlNA==

esbuild@^0.14.14:
  version "0.14.25"
  resolved "https://registry.npmmirror.com/esbuild/-/esbuild-0.14.25.tgz#ddb9d47b91ca76abb7d850ce3dfed0bc3dc88d16"
  integrity sha512-4JHEIOMNFvK09ziiL+iVmldIhLbn49V4NAVo888tcGFKedEZY/Y8YapfStJ6zSE23tzYPKxqKwQBnQoIO0BI/Q==
  optionalDependencies:
    esbuild-android-64 "0.14.25"
    esbuild-android-arm64 "0.14.25"
    esbuild-darwin-64 "0.14.25"
    esbuild-darwin-arm64 "0.14.25"
    esbuild-freebsd-64 "0.14.25"
    esbuild-freebsd-arm64 "0.14.25"
    esbuild-linux-32 "0.14.25"
    esbuild-linux-64 "0.14.25"
    esbuild-linux-arm "0.14.25"
    esbuild-linux-arm64 "0.14.25"
    esbuild-linux-mips64le "0.14.25"
    esbuild-linux-ppc64le "0.14.25"
    esbuild-linux-riscv64 "0.14.25"
    esbuild-linux-s390x "0.14.25"
    esbuild-netbsd-64 "0.14.25"
    esbuild-openbsd-64 "0.14.25"
    esbuild-sunos-64 "0.14.25"
    esbuild-windows-32 "0.14.25"
    esbuild-windows-64 "0.14.25"
    esbuild-windows-arm64 "0.14.25"

estree-walker@^2.0.1, estree-walker@^2.0.2:
  version "2.0.2"
  resolved "https://registry.npmmirror.com/estree-walker/-/estree-walker-2.0.2.tgz#52f010178c2a4c117a7757cfe942adb7d2da4cac"
  integrity sha512-Rfkk/Mp/DL7JVje3u18FxFujQlTNR2q6QfMSMB7AvCBx91NGj/ba3kCfza0f6dVDbw7YlRf/nDrn7pQrCCyQ/w==

follow-redirects@^1.14.4:
  version "1.14.9"
  resolved "https://registry.npmmirror.com/follow-redirects/-/follow-redirects-1.14.9.tgz#dd4ea157de7bfaf9ea9b3fbd85aa16951f78d8d7"
  integrity sha512-MQDfihBQYMcyy5dhRDJUHcw7lb2Pv/TuE6xP1vyraLukNDHKbDxDNaOE3NbCAdKQApno+GPRyo1YAp89yCjK4w==

fsevents@~2.3.2:
  version "2.3.2"
  resolved "https://registry.npmmirror.com/fsevents/-/fsevents-2.3.2.tgz#8a526f78b8fdf4623b709e0b975c52c24c02fd1a"
  integrity sha512-xiqMQR4xAeHTuB9uWm+fFRcIOgKBMiOBP+eXiyT7jsgVCq1bkVygt00oASowB7EdtpOHaaPgKt812P9ab+DDKA==

function-bind@^1.1.1:
  version "1.1.1"
  resolved "https://registry.npmmirror.com/function-bind/-/function-bind-1.1.1.tgz#a56899d3ea3c9bab874bb9773b7c5ede92f4895d"
  integrity sha512-yIovAzMX49sF8Yl58fSCWJ5svSLuaibPxXQJFLmBObTuCr0Mf1KiPopGM9NiFjiYBCbfaa2Fh6breQ6ANVTI0A==

graceful-fs@^4.1.2:
  version "4.2.9"
  resolved "https://registry.npmmirror.com/graceful-fs/-/graceful-fs-4.2.9.tgz#041b05df45755e587a24942279b9d113146e1c96"
  integrity sha512-NtNxqUcXgpW2iMrfqSfR73Glt39K+BLwWsPs94yR63v45T0Wbej7eRmL5cWfwEgqXnmjQp3zaJTshdRW/qC2ZQ==

has@^1.0.3:
  version "1.0.3"
  resolved "https://registry.npmmirror.com/has/-/has-1.0.3.tgz#722d7cbfc1f6aa8241f16dd814e011e1f41e8796"
  integrity sha512-f2dvO0VU6Oej7RkWJGrehjbzMAjFp5/VKPp5tTpWIV4JHHZK1/BxbFRtf/siA2SWTe09caDmVtYYzWEIbBS4zw==
  dependencies:
    function-bind "^1.1.1"

header-case@^2.0.4:
  version "2.0.4"
  resolved "https://registry.npmmirror.com/header-case/-/header-case-2.0.4.tgz#5a42e63b55177349cf405beb8d775acabb92c063"
  integrity sha512-H/vuk5TEEVZwrR0lp2zed9OCo1uAILMlx0JEMgC26rzyJJ3N1v6XkwHHXJQdR2doSjcGPM6OKPYoJgf0plJ11Q==
  dependencies:
    capital-case "^1.0.4"
    tslib "^2.0.3"

iconv-lite@^0.4.4:
  version "0.4.24"
  resolved "https://registry.npmmirror.com/iconv-lite/-/iconv-lite-0.4.24.tgz#2022b4b25fbddc21d2f524974a474aafe733908b"
  integrity sha512-v3MXnZAcvnywkTUEZomIActle7RXXeedOR31wwl7VlyoXO4Qi9arvSenNQWne1TcRwhCL1HwLI21bEqdpj8/rA==
  dependencies:
    safer-buffer ">= 2.1.2 < 3"

image-size@~0.5.0:
  version "0.5.5"
  resolved "https://registry.npmmirror.com/image-size/-/image-size-0.5.5.tgz#09dfd4ab9d20e29eb1c3e80b8990378df9e3cb9c"
  integrity sha512-6TDAlDPZxUFCv+fuOkIoXT/V/f3Qbq8e37p+YOiYrUv3v9cc3/6x78VdfPgFVaB9dZYeLUfKgHRebpkm/oP2VQ==

is-core-module@^2.8.1:
  version "2.8.1"
  resolved "https://registry.npmmirror.com/is-core-module/-/is-core-module-2.8.1.tgz#f59fdfca701d5879d0a6b100a40aa1560ce27211"
  integrity sha512-SdNCUs284hr40hFTFP6l0IfZ/RSrMXF3qgoRHd3/79unUTvrFO/JoXwkGm+5J/Oe3E/b5GsnG330uUNgRpu1PA==
  dependencies:
    has "^1.0.3"

is-what@^3.14.1:
  version "3.14.1"
  resolved "https://registry.npmmirror.com/is-what/-/is-what-3.14.1.tgz#e1222f46ddda85dead0fd1c9df131760e77755c1"
  integrity sha512-sNxgpk9793nzSs7bA6JQJGeIuRBQhAaNGG77kzYQgMkrID+lS6SlK07K5LaptscDlSaIgH+GPFzf+d75FVxozA==

less@^4.1.1:
  version "4.1.2"
  resolved "https://registry.npmmirror.com/less/-/less-4.1.2.tgz#6099ee584999750c2624b65f80145f8674e4b4b0"
  integrity sha512-EoQp/Et7OSOVu0aJknJOtlXZsnr8XE8KwuzTHOLeVSEx8pVWUICc8Q0VYRHgzyjX78nMEyC/oztWFbgyhtNfDA==
  dependencies:
    copy-anything "^2.0.1"
    parse-node-version "^1.0.1"
    tslib "^2.3.0"
  optionalDependencies:
    errno "^0.1.1"
    graceful-fs "^4.1.2"
    image-size "~0.5.0"
    make-dir "^2.1.0"
    mime "^1.4.1"
    needle "^2.5.2"
    source-map "~0.6.0"

lower-case@^2.0.2:
  version "2.0.2"
  resolved "https://registry.npmmirror.com/lower-case/-/lower-case-2.0.2.tgz#6fa237c63dbdc4a82ca0fd882e4722dc5e634e28"
  integrity sha512-7fm3l3NAF9WfN6W3JOmf5drwpVqX78JtoGJ3A6W0a6ZnldM41w2fV5D490psKFTpMds8TJse/eHLFFsNHHjHgg==
  dependencies:
    tslib "^2.0.3"

magic-string@^0.25.7:
  version "0.25.9"
  resolved "https://registry.npmmirror.com/magic-string/-/magic-string-0.25.9.tgz#de7f9faf91ef8a1c91d02c2e5314c8277dbcdd1c"
  integrity sha512-RmF0AsMzgt25qzqqLc1+MbHmhdx0ojF2Fvs4XnOqz2ZOBXzzkEwc/dJQZCYHAn7v1jbVOjAZfK8msRn4BxO4VQ==
  dependencies:
    sourcemap-codec "^1.4.8"

make-dir@^2.1.0:
  version "2.1.0"
  resolved "https://registry.npmmirror.com/make-dir/-/make-dir-2.1.0.tgz#5f0310e18b8be898cc07009295a30ae41e91e6f5"
  integrity sha512-LS9X+dc8KLxXCb8dni79fLIIUA5VyZoyjSMCwTluaXA0o27cCK0bhXkpgw+sTXVpPy/lSO57ilRixqk0vDmtRA==
  dependencies:
    pify "^4.0.1"
    semver "^5.6.0"

mime@^1.4.1:
  version "1.6.0"
  resolved "https://registry.npmmirror.com/mime/-/mime-1.6.0.tgz#32cd9e5c64553bd58d19a568af452acff04981b1"
  integrity sha512-x0Vn8spI+wuJ1O6S7gnbaQg8Pxh4NNHb7KSINmEWKiPE4RKOplvijn+NkmYmmRgP68mc70j2EbeTFRsrswaQeg==

ms@2.1.2:
  version "2.1.2"
  resolved "https://registry.npmmirror.com/ms/-/ms-2.1.2.tgz#d09d1f357b443f493382a8eb3ccd183872ae6009"
  integrity sha512-sGkPx+VjMtmA6MX27oA4FBFELFCZZ4S4XqeGOXCv68tT+jb3vk/RyaKWP0PTKyWtmLSM0b+adUTEvbs1PEaH2w==

ms@^2.1.1:
  version "2.1.3"
  resolved "https://registry.npmmirror.com/ms/-/ms-2.1.3.tgz#574c8138ce1d2b5861f0b44579dbadd60c6615b2"
  integrity sha512-6FlzubTLZG3J2a/NVCAleEhjzq5oxgHyaCU9yYXvcLsvoVaHJq/s5xXI6/XXP6tz7R9xAOtHnSO/tXtF3WRTlA==

nanoid@^3.3.1:
  version "3.3.1"
  resolved "https://registry.npmmirror.com/nanoid/-/nanoid-3.3.1.tgz#6347a18cac88af88f58af0b3594b723d5e99bb35"
  integrity sha512-n6Vs/3KGyxPQd6uO0eH4Bv0ojGSUvuLlIHtC3Y0kEO23YRge8H9x1GCzLn28YX0H66pMkxuaeESFq4tKISKwdw==

needle@^2.5.2:
  version "2.9.1"
  resolved "https://registry.npmmirror.com/needle/-/needle-2.9.1.tgz#22d1dffbe3490c2b83e301f7709b6736cd8f2684"
  integrity sha512-6R9fqJ5Zcmf+uYaFgdIHmLwNldn5HbK8L5ybn7Uz+ylX/rnOsSp1AHcvQSrCaFN+qNM1wpymHqD7mVasEOlHGQ==
  dependencies:
    debug "^3.2.6"
    iconv-lite "^0.4.4"
    sax "^1.2.4"

no-case@^3.0.4:
  version "3.0.4"
  resolved "https://registry.npmmirror.com/no-case/-/no-case-3.0.4.tgz#d361fd5c9800f558551a8369fc0dcd4662b6124d"
  integrity sha512-fgAN3jGAh+RoxUGZHTSOLJIqUc2wmoBwGR4tbpNAKmmovFoWq0OdRkb0VkldReO2a2iBT/OEulG9XSUc10r3zg==
  dependencies:
    lower-case "^2.0.2"
    tslib "^2.0.3"

param-case@^3.0.4:
  version "3.0.4"
  resolved "https://registry.npmmirror.com/param-case/-/param-case-3.0.4.tgz#7d17fe4aa12bde34d4a77d91acfb6219caad01c5"
  integrity sha512-RXlj7zCYokReqWpOPH9oYivUzLYZ5vAPIfEmCTNViosC78F8F0H9y7T7gG2M39ymgutxF5gcFEsyZQSph9Bp3A==
  dependencies:
    dot-case "^3.0.4"
    tslib "^2.0.3"

parse-node-version@^1.0.1:
  version "1.0.1"
  resolved "https://registry.npmmirror.com/parse-node-version/-/parse-node-version-1.0.1.tgz#e2b5dbede00e7fa9bc363607f53327e8b073189b"
  integrity sha512-3YHlOa/JgH6Mnpr05jP9eDG254US9ek25LyIxZlDItp2iJtwyaXQb57lBYLdT3MowkUFYEV2XXNAYIPlESvJlA==

pascal-case@^3.1.2:
  version "3.1.2"
  resolved "https://registry.npmmirror.com/pascal-case/-/pascal-case-3.1.2.tgz#b48e0ef2b98e205e7c1dae747d0b1508237660eb"
  integrity sha512-uWlGT3YSnK9x3BQJaOdcZwrnV6hPpd8jFH1/ucpiLRPh/2zCVJKS19E4GvYHvaCcACn3foXZ0cLB9Wrx1KGe5g==
  dependencies:
    no-case "^3.0.4"
    tslib "^2.0.3"

path-case@^3.0.4:
  version "3.0.4"
  resolved "https://registry.npmmirror.com/path-case/-/path-case-3.0.4.tgz#9168645334eb942658375c56f80b4c0cb5f82c6f"
  integrity sha512-qO4qCFjXqVTrcbPt/hQfhTQ+VhFsqNKOPtytgNKkKxSoEp3XPUQ8ObFuePylOIok5gjn69ry8XiULxCwot3Wfg==
  dependencies:
    dot-case "^3.0.4"
    tslib "^2.0.3"

path-parse@^1.0.7:
  version "1.0.7"
  resolved "https://registry.npmmirror.com/path-parse/-/path-parse-1.0.7.tgz#fbc114b60ca42b30d9daf5858e4bd68bbedb6735"
  integrity sha512-LDJzPVEEEPR+y48z93A0Ed0yXb8pAByGWo/k5YYdYgpY2/2EsOsksJrq7lOHxryrVOn1ejG6oAp8ahvOIQD8sw==

picocolors@^1.0.0:
  version "1.0.0"
  resolved "https://registry.npmmirror.com/picocolors/-/picocolors-1.0.0.tgz#cb5bdc74ff3f51892236eaf79d68bc44564ab81c"
  integrity sha512-1fygroTLlHu66zi26VoTDv8yRgm0Fccecssto+MhsZ0D/DGW2sm8E8AjW7NU5VVTRt5GxbeZ5qBuJr+HyLYkjQ==

picomatch@^2.2.2:
  version "2.3.1"
  resolved "https://registry.npmmirror.com/picomatch/-/picomatch-2.3.1.tgz#3ba3833733646d9d3e4995946c1365a67fb07a42"
  integrity sha512-JU3teHTNjmE2VCGFzuY8EXzCDVwEqB2a8fsIvwaStHhAWJEeVd1o1QD80CU6+ZdEXXSLbSsuLwJjkCBWqRQUVA==

pify@^4.0.1:
  version "4.0.1"
  resolved "https://registry.npmmirror.com/pify/-/pify-4.0.1.tgz#4b2cd25c50d598735c50292224fd8c6df41e3231"
  integrity sha512-uB80kBFb/tfd68bVleG9T5GGsGPjJrLAUpR5PZIrhBnIaRTQRjqdJSsIKkOP6OAIFbj7GOrcudc5pNjZ+geV2g==

postcss@^8.1.10, postcss@^8.4.6:
  version "8.4.8"
  resolved "https://registry.npmmirror.com/postcss/-/postcss-8.4.8.tgz#dad963a76e82c081a0657d3a2f3602ce10c2e032"
  integrity sha512-2tXEqGxrjvAO6U+CJzDL2Fk2kPHTv1jQsYkSoMeOis2SsYaXRO2COxTdQp99cYvif9JTXaAk9lYGc3VhJt7JPQ==
  dependencies:
    nanoid "^3.3.1"
    picocolors "^1.0.0"
    source-map-js "^1.0.2"

prr@~1.0.1:
  version "1.0.1"
  resolved "https://registry.npmmirror.com/prr/-/prr-1.0.1.tgz#d3fc114ba06995a45ec6893f484ceb1d78f5f476"
  integrity sha512-yPw4Sng1gWghHQWj0B3ZggWUm4qVbPwPFcRG8KyxiU7J2OHFSoEHKS+EZ3fv5l1t9CyCiop6l/ZYeWbrgoQejw==

qrious@^4.0.2:
  version "4.0.2"
  resolved "https://registry.npmmirror.com/qrious/-/qrious-4.0.2.tgz#09c4d4079d2b961617f62c69cff3b9bb66a39693"
  integrity sha512-xWPJIrK1zu5Ypn898fBp8RHkT/9ibquV2Kv24S/JY9VYEhMBMKur1gHVsOiNUh7PHP9uCgejjpZUHUIXXKoU/g==

resolve@^1.22.0:
  version "1.22.0"
  resolved "https://registry.npmmirror.com/resolve/-/resolve-1.22.0.tgz#5e0b8c67c15df57a89bdbabe603a002f21731198"
  integrity sha512-Hhtrw0nLeSrFQ7phPp4OOcVjLPIeMnRlr5mcnVuMe7M/7eBn98A3hmFRLoFo3DLZkivSYwhRUJTyPyWAk56WLw==
  dependencies:
    is-core-module "^2.8.1"
    path-parse "^1.0.7"
    supports-preserve-symlinks-flag "^1.0.0"

rollup@^2.59.0:
  version "2.70.0"
  resolved "https://registry.npmmirror.com/rollup/-/rollup-2.70.0.tgz#17a92e5938e92a251b962352e904c9f558230ec7"
  integrity sha512-iEzYw+syFxQ0X9RefVwhr8BA2TNJsTaX8L8dhyeyMECDbmiba+8UQzcu+xZdji0+JQ+s7kouQnw+9Oz5M19XKA==
  optionalDependencies:
    fsevents "~2.3.2"

"safer-buffer@>= 2.1.2 < 3":
  version "2.1.2"
  resolved "https://registry.npmmirror.com/safer-buffer/-/safer-buffer-2.1.2.tgz#44fa161b0187b9549dd84bb91802f9bd8385cd6a"
  integrity sha512-YZo3K82SD7Riyi0E1EQPojLz7kpepnSQI9IyPbHHg1XXXevb5dJI7tpyN2ADxGcQbHG7vcyRHk0cbwqcQriUtg==

sax@^1.2.4:
  version "1.2.4"
  resolved "https://registry.npmmirror.com/sax/-/sax-1.2.4.tgz#2816234e2378bddc4e5354fab5caa895df7100d9"
  integrity sha512-NqVDv9TpANUjFm0N8uM5GxL36UgKi9/atZw+x7YFnQ8ckwFGKrl4xX4yWtrey3UJm5nP1kUbnYgLopqWNSRhWw==

semver@^5.6.0:
  version "5.7.1"
  resolved "https://registry.npmmirror.com/semver/-/semver-5.7.1.tgz#a954f931aeba508d307bbf069eff0c01c96116f7"
  integrity sha512-sauaDf/PZdVgrLTNYHRtpXa1iRiKcaebiKQ1BJdpQlWH2lCvexQdX55snPFyK7QzpudqbCI0qXFfOasHdyNDGQ==

sentence-case@^3.0.4:
  version "3.0.4"
  resolved "https://registry.npmmirror.com/sentence-case/-/sentence-case-3.0.4.tgz#3645a7b8c117c787fde8702056225bb62a45131f"
  integrity sha512-8LS0JInaQMCRoQ7YUytAo/xUu5W2XnQxV2HI/6uM6U7CITS1RqPElr30V6uIqyMKM9lJGRVFy5/4CuzcixNYSg==
  dependencies:
    no-case "^3.0.4"
    tslib "^2.0.3"
    upper-case-first "^2.0.2"

snake-case@^3.0.4:
  version "3.0.4"
  resolved "https://registry.npmmirror.com/snake-case/-/snake-case-3.0.4.tgz#4f2bbd568e9935abdfd593f34c691dadb49c452c"
  integrity sha512-LAOh4z89bGQvl9pFfNF8V146i7o7/CqFPbqzYgP+yYzDIDeS9HaNFtXABamRW+AQzEVODcvE79ljJ+8a9YSdMg==
  dependencies:
    dot-case "^3.0.4"
    tslib "^2.0.3"

source-map-js@^1.0.2:
  version "1.0.2"
  resolved "https://registry.npmmirror.com/source-map-js/-/source-map-js-1.0.2.tgz#adbc361d9c62df380125e7f161f71c826f1e490c"
  integrity sha512-R0XvVJ9WusLiqTCEiGCmICCMplcCkIwwR11mOSD9CR5u+IXYdiseeEuXCVAjS54zqwkLcPNnmU4OeJ6tUrWhDw==

source-map@^0.6.1, source-map@~0.6.0:
  version "0.6.1"
  resolved "https://registry.npmmirror.com/source-map/-/source-map-0.6.1.tgz#74722af32e9614e9c287a8d0bbde48b5e2f1a263"
  integrity sha512-UjgapumWlbMhkBgzT7Ykc5YXUT46F0iKu8SGXq0bcwP5dz/h0Plj6enJqjz1Zbq2l5WaqYnrVbwWOWMyF3F47g==

sourcemap-codec@^1.4.8:
  version "1.4.8"
  resolved "https://registry.npmmirror.com/sourcemap-codec/-/sourcemap-codec-1.4.8.tgz#ea804bd94857402e6992d05a38ef1ae35a9ab4c4"
  integrity sha512-9NykojV5Uih4lgo5So5dtw+f0JgJX30KCNI8gwhz2J9A15wD0Ml6tjHKwf6fTSa6fAdVBdZeNOs9eJ71qCk8vA==

supports-preserve-symlinks-flag@^1.0.0:
  version "1.0.0"
  resolved "https://registry.npmmirror.com/supports-preserve-symlinks-flag/-/supports-preserve-symlinks-flag-1.0.0.tgz#6eda4bd344a3c94aea376d4cc31bc77311039e09"
  integrity sha512-ot0WnXS9fgdkgIcePe6RHNk1WA8+muPa6cSjeR3V8K27q9BB1rTE3R1p7Hv0z1ZyAc8s6Vvv8DIyWf681MAt0w==

tslib@^2.0.3, tslib@^2.3.0:
  version "2.3.1"
  resolved "https://registry.npmmirror.com/tslib/-/tslib-2.3.1.tgz#e8a335add5ceae51aa261d32a490158ef042ef01"
  integrity sha512-77EbyPPpMz+FRFRuAFlWMtmgUWGe9UOG2Z25NqCwiIjRhOf5iKGuzSe5P2w1laq+FkRy4p+PCuVkJSGkzTEKVw==

upper-case-first@^2.0.2:
  version "2.0.2"
  resolved "https://registry.npmmirror.com/upper-case-first/-/upper-case-first-2.0.2.tgz#992c3273f882abd19d1e02894cc147117f844324"
  integrity sha512-514ppYHBaKwfJRK/pNC6c/OxfGa0obSnAl106u97Ed0I625Nin96KAjttZF6ZL3e1XLtphxnqrOi9iWgm+u+bg==
  dependencies:
    tslib "^2.0.3"

upper-case@^2.0.2:
  version "2.0.2"
  resolved "https://registry.npmmirror.com/upper-case/-/upper-case-2.0.2.tgz#d89810823faab1df1549b7d97a76f8662bae6f7a"
  integrity sha512-KgdgDGJt2TpuwBUIjgG6lzw2GWFRCW9Qkfkiv0DxqHHLYJHmtmdUIKcZd8rHgFSjopVTlw6ggzCm1b8MFQwikg==
  dependencies:
    tslib "^2.0.3"

vant@^3.0.0:
  version "3.4.5"
  resolved "https://registry.npmmirror.com/vant/-/vant-3.4.5.tgz#2934f6623d3705120607eb777ae4151ef192befe"
  integrity sha512-3an2v6ejW9pijKmaDbSCW7Hs1R45tqtTIcedfI8hEAA5zC2Bp8cXU6Z4gUCK6/RAGOJsB+vcyLINLb1cGS/SzQ==
  dependencies:
    "@vant/icons" "^1.7.1"
    "@vant/popperjs" "^1.1.0"
    "@vant/use" "^1.3.5"

vite-plugin-style-import@^0.10.0:
  version "0.10.1"
  resolved "https://registry.npmmirror.com/vite-plugin-style-import/-/vite-plugin-style-import-0.10.1.tgz#8732d2c04c92b7e13a7afddcb8e4a34f289fc17c"
  integrity sha512-3P7Jyf5+b1p26t6mOd6yn8ATNPTDGDRkE19aHicFpo3K7Of7ouJabiPfWE4QaicO6grtCfWGQ0SGMAPqxUSdRA==
  dependencies:
    "@rollup/pluginutils" "^4.1.0"
    change-case "^4.1.2"
    debug "^4.3.2"
    es-module-lexer "^0.4.1"
    magic-string "^0.25.7"

vite@^2.2.4:
  version "2.8.6"
  resolved "https://registry.npmmirror.com/vite/-/vite-2.8.6.tgz#32d50e23c99ca31b26b8ccdc78b1d72d4d7323d3"
  integrity sha512-e4H0QpludOVKkmOsRyqQ7LTcMUDF3mcgyNU4lmi0B5JUbe0ZxeBBl8VoZ8Y6Rfn9eFKYtdXNPcYK97ZwH+K2ug==
  dependencies:
    esbuild "^0.14.14"
    postcss "^8.4.6"
    resolve "^1.22.0"
    rollup "^2.59.0"
  optionalDependencies:
    fsevents "~2.3.2"

vue-router@4:
  version "4.0.13"
  resolved "https://registry.npmmirror.com/vue-router/-/vue-router-4.0.13.tgz#47f06e2f8ff6120bfff3c27ade1356cc9de7d870"
  integrity sha512-LmXrC+BkDRLak+d5xTMgUYraT3Nj0H/vCbP+7usGvIl9Viqd1UP6AsP0i69pSbn9O0dXK/xCdp4yPw21HqV9Jw==
  dependencies:
    "@vue/devtools-api" "^6.0.0"

vue@^3.0.6:
  version "3.2.31"
  resolved "https://registry.npmmirror.com/vue/-/vue-3.2.31.tgz#e0c49924335e9f188352816788a4cca10f817ce6"
  integrity sha512-odT3W2tcffTiQCy57nOT93INw1auq5lYLLYtWpPYQQYQOOdHiqFct9Xhna6GJ+pJQaF67yZABraH47oywkJgFw==
  dependencies:
    "@vue/compiler-dom" "3.2.31"
    "@vue/compiler-sfc" "3.2.31"
    "@vue/runtime-dom" "3.2.31"
    "@vue/server-renderer" "3.2.31"
    "@vue/shared" "3.2.31"
